
Microsoft Visual Studio Solution File, Format Version 12.00
# Visual Studio Version 17
VisualStudioVersion = 17.5.33502.453
MinimumVisualStudioVersion = 10.0.40219.1
Project("{9A19103F-16F7-4668-BE54-9A1E7A4F7556}") = "Sheenam.Api", "Sheenam.Api\Sheenam.Api.csproj", "{E9CB14B0-2E6D-4D4C-B749-006F5BF6C690}"
EndProject
Project("{FAE04EC0-301F-11D3-BF4B-00C04F79EFBC}") = "Sheenam.Api.Tests.Unit", "Sheenam.Api.Tests.Unit\Sheenam.Api.Tests.Unit.csproj", "{1437922A-A9CC-41A9-B2CF-D6AFD0D1A212}"
EndProject
Global
	GlobalSection(SolutionConfigurationPlatforms) = preSolution
		Debug|Any CPU = Debug|Any CPU
		Release|Any CPU = Release|Any CPU
	EndGlobalSection
	GlobalSection(ProjectConfigurationPlatforms) = postSolution
		{E9CB14B0-2E6D-4D4C-B749-006F5BF6C690}.Debug|Any CPU.ActiveCfg = Debug|Any CPU
		{E9CB14B0-2E6D-4D4C-B749-006F5BF6C690}.Debug|Any CPU.Build.0 = Debug|Any CPU
		{E9CB14B0-2E6D-4D4C-B749-006F5BF6C690}.Release|Any CPU.ActiveCfg = Release|Any CPU
		{E9CB14B0-2E6D-4D4C-B749-006F5BF6C690}.Release|Any CPU.Build.0 = Release|Any CPU
		{1437922A-A9CC-41A9-B2CF-D6AFD0D1A212}.Debug|Any CPU.ActiveCfg = Debug|Any CPU
		{1437922A-A9CC-41A9-B2CF-D6AFD0D1A212}.Debug|Any CPU.Build.0 = Debug|Any CPU
		{1437922A-A9CC-41A9-B2CF-D6AFD0D1A212}.Release|Any CPU.ActiveCfg = Release|Any CPU
		{1437922A-A9CC-41A9-B2CF-D6AFD0D1A212}.Release|Any CPU.Build.0 = Release|Any CPU
	EndGlobalSection
	GlobalSection(SolutionProperties) = preSolution
		HideSolutionNode = FALSE
	EndGlobalSection
	GlobalSection(ExtensibilityGlobals) = postSolution
		SolutionGuid = {B3D40205-45EE-4C7C-9D91-7FAAEF50E211}
	EndGlobalSection
EndGlobal
